
Microsoft Visual Studio Solution File, Format Version 12.00
# Visual Studio Version 17
VisualStudioVersion = 17.2.32616.157
MinimumVisualStudioVersion = 10.0.40219.1
Project("{FAE04EC0-301F-11D3-BF4B-00C04F79EFBC}") = "ToDoList.Android", "ToDoList\ToDoList.Android\ToDoList.Android.csproj", "{C47A536C-1B07-4C38-9AEA-1B2D6A491245}"
EndProject
Project("{FAE04EC0-301F-11D3-BF4B-00C04F79EFBC}") = "ToDoList.iOS", "ToDoList\ToDoList.iOS\ToDoList.iOS.csproj", "{3BFB9745-6877-40FF-B349-451E14E627A3}"
EndProject
Project("{FAE04EC0-301F-11D3-BF4B-00C04F79EFBC}") = "ToDoList", "ToDoList\ToDoList\ToDoList.csproj", "{94F37798-188D-4BC5-8586-6D04955E1605}"
EndProject
Global
	GlobalSection(SolutionConfigurationPlatforms) = preSolution
		Debug|Any CPU = Debug|Any CPU
		Debug|iPhone = Debug|iPhone
		Debug|iPhoneSimulator = Debug|iPhoneSimulator
		Release|Any CPU = Release|Any CPU
		Release|iPhone = Release|iPhone
		Release|iPhoneSimulator = Release|iPhoneSimulator
	EndGlobalSection
	GlobalSection(ProjectConfigurationPlatforms) = postSolution
		{C47A536C-1B07-4C38-9AEA-1B2D6A491245}.Debug|Any CPU.ActiveCfg = Debug|Any CPU
		{C47A536C-1B07-4C38-9AEA-1B2D6A491245}.Debug|Any CPU.Build.0 = Debug|Any CPU
		{C47A536C-1B07-4C38-9AEA-1B2D6A491245}.Debug|Any CPU.Deploy.0 = Debug|Any CPU
		{C47A536C-1B07-4C38-9AEA-1B2D6A491245}.Debug|iPhone.ActiveCfg = Debug|Any CPU
		{C47A536C-1B07-4C38-9AEA-1B2D6A491245}.Debug|iPhone.Build.0 = Debug|Any CPU
		{C47A536C-1B07-4C38-9AEA-1B2D6A491245}.Debug|iPhone.Deploy.0 = Debug|Any CPU
		{C47A536C-1B07-4C38-9AEA-1B2D6A491245}.Debug|iPhoneSimulator.ActiveCfg = Debug|Any CPU
		{C47A536C-1B07-4C38-9AEA-1B2D6A491245}.Debug|iPhoneSimulator.Build.0 = Debug|Any CPU
		{C47A536C-1B07-4C38-9AEA-1B2D6A491245}.Debug|iPhoneSimulator.Deploy.0 = Debug|Any CPU
		{C47A536C-1B07-4C38-9AEA-1B2D6A491245}.Release|Any CPU.ActiveCfg = Release|Any CPU
		{C47A536C-1B07-4C38-9AEA-1B2D6A491245}.Release|Any CPU.Build.0 = Release|Any CPU
		{C47A536C-1B07-4C38-9AEA-1B2D6A491245}.Release|Any CPU.Deploy.0 = Release|Any CPU
		{C47A536C-1B07-4C38-9AEA-1B2D6A491245}.Release|iPhone.ActiveCfg = Release|Any CPU
		{C47A536C-1B07-4C38-9AEA-1B2D6A491245}.Release|iPhone.Build.0 = Release|Any CPU
		{C47A536C-1B07-4C38-9AEA-1B2D6A491245}.Release|iPhone.Deploy.0 = Release|Any CPU
		{C47A536C-1B07-4C38-9AEA-1B2D6A491245}.Release|iPhoneSimulator.ActiveCfg = Release|Any CPU
		{C47A536C-1B07-4C38-9AEA-1B2D6A491245}.Release|iPhoneSimulator.Build.0 = Release|Any CPU
		{C47A536C-1B07-4C38-9AEA-1B2D6A491245}.Release|iPhoneSimulator.Deploy.0 = Release|Any CPU
		{3BFB9745-6877-40FF-B349-451E14E627A3}.Debug|Any CPU.ActiveCfg = Debug|iPhone
		{3BFB9745-6877-40FF-B349-451E14E627A3}.Debug|Any CPU.Build.0 = Debug|iPhone
		{3BFB9745-6877-40FF-B349-451E14E627A3}.Debug|Any CPU.Deploy.0 = Debug|iPhone
		{3BFB9745-6877-40FF-B349-451E14E627A3}.Debug|iPhone.ActiveCfg = Debug|iPhone
		{3BFB9745-6877-40FF-B349-451E14E627A3}.Debug|iPhone.Build.0 = Debug|iPhone
		{3BFB9745-6877-40FF-B349-451E14E627A3}.Debug|iPhone.Deploy.0 = Debug|iPhone
		{3BFB9745-6877-40FF-B349-451E14E627A3}.Debug|iPhoneSimulator.ActiveCfg = Debug|iPhoneSimulator
		{3BFB9745-6877-40FF-B349-451E14E627A3}.Debug|iPhoneSimulator.Build.0 = Debug|iPhoneSimulator
		{3BFB9745-6877-40FF-B349-451E14E627A3}.Debug|iPhoneSimulator.Deploy.0 = Debug|iPhoneSimulator
		{3BFB9745-6877-40FF-B349-451E14E627A3}.Release|Any CPU.ActiveCfg = Release|iPhoneSimulator
		{3BFB9745-6877-40FF-B349-451E14E627A3}.Release|Any CPU.Build.0 = Release|iPhoneSimulator
		{3BFB9745-6877-40FF-B349-451E14E627A3}.Release|Any CPU.Deploy.0 = Release|iPhoneSimulator
		{3BFB9745-6877-40FF-B349-451E14E627A3}.Release|iPhone.ActiveCfg = Release|iPhone
		{3BFB9745-6877-40FF-B349-451E14E627A3}.Release|iPhone.Build.0 = Release|iPhone
		{3BFB9745-6877-40FF-B349-451E14E627A3}.Release|iPhone.Deploy.0 = Release|iPhone
		{3BFB9745-6877-40FF-B349-451E14E627A3}.Release|iPhoneSimulator.ActiveCfg = Release|iPhoneSimulator
		{3BFB9745-6877-40FF-B349-451E14E627A3}.Release|iPhoneSimulator.Build.0 = Release|iPhoneSimulator
		{3BFB9745-6877-40FF-B349-451E14E627A3}.Release|iPhoneSimulator.Deploy.0 = Release|iPhoneSimulator
		{94F37798-188D-4BC5-8586-6D04955E1605}.Debug|Any CPU.ActiveCfg = Debug|Any CPU
		{94F37798-188D-4BC5-8586-6D04955E1605}.Debug|Any CPU.Build.0 = Debug|Any CPU
		{94F37798-188D-4BC5-8586-6D04955E1605}.Debug|Any CPU.Deploy.0 = Debug|Any CPU
		{94F37798-188D-4BC5-8586-6D04955E1605}.Debug|iPhone.ActiveCfg = Debug|Any CPU
		{94F37798-188D-4BC5-8586-6D04955E1605}.Debug|iPhone.Build.0 = Debug|Any CPU
		{94F37798-188D-4BC5-8586-6D04955E1605}.Debug|iPhone.Deploy.0 = Debug|Any CPU
		{94F37798-188D-4BC5-8586-6D04955E1605}.Debug|iPhoneSimulator.ActiveCfg = Debug|Any CPU
		{94F37798-188D-4BC5-8586-6D04955E1605}.Debug|iPhoneSimulator.Build.0 = Debug|Any CPU
		{94F37798-188D-4BC5-8586-6D04955E1605}.Debug|iPhoneSimulator.Deploy.0 = Debug|Any CPU
		{94F37798-188D-4BC5-8586-6D04955E1605}.Release|Any CPU.ActiveCfg = Release|Any CPU
		{94F37798-188D-4BC5-8586-6D04955E1605}.Release|Any CPU.Build.0 = Release|Any CPU
		{94F37798-188D-4BC5-8586-6D04955E1605}.Release|Any CPU.Deploy.0 = Release|Any CPU
		{94F37798-188D-4BC5-8586-6D04955E1605}.Release|iPhone.ActiveCfg = Release|Any CPU
		{94F37798-188D-4BC5-8586-6D04955E1605}.Release|iPhone.Build.0 = Release|Any CPU
		{94F37798-188D-4BC5-8586-6D04955E1605}.Release|iPhone.Deploy.0 = Release|Any CPU
		{94F37798-188D-4BC5-8586-6D04955E1605}.Release|iPhoneSimulator.ActiveCfg = Release|Any CPU
		{94F37798-188D-4BC5-8586-6D04955E1605}.Release|iPhoneSimulator.Build.0 = Release|Any CPU
		{94F37798-188D-4BC5-8586-6D04955E1605}.Release|iPhoneSimulator.Deploy.0 = Release|Any CPU
	EndGlobalSection
	GlobalSection(SolutionProperties) = preSolution
		HideSolutionNode = FALSE
	EndGlobalSection
	GlobalSection(ExtensibilityGlobals) = postSolution
		SolutionGuid = {E9E213E1-2B95-4D33-985F-3668E0370D3C}
	EndGlobalSection
EndGlobal
